
Microsoft Visual Studio Solution File, Format Version 12.00
# Visual Studio Version 17
VisualStudioVersion = 17.6.33829.357
MinimumVisualStudioVersion = 10.0.40219.1
Project("{FAE04EC0-301F-11D3-BF4B-00C04F79EFBC}") = "formula learner", "formula learner.csproj", "{12D42875-9ED7-4013-B01E-1597CBACB393}"
EndProject
Global
	GlobalSection(SolutionConfigurationPlatforms) = preSolution
		Debug|Any CPU = Debug|Any CPU
		Release|Any CPU = Release|Any CPU
	EndGlobalSection
	GlobalSection(ProjectConfigurationPlatforms) = postSolution
		{12D42875-9ED7-4013-B01E-1597CBACB393}.Debug|Any CPU.ActiveCfg = Debug|Any CPU
		{12D42875-9ED7-4013-B01E-1597CBACB393}.Debug|Any CPU.Build.0 = Debug|Any CPU
		{12D42875-9ED7-4013-B01E-1597CBACB393}.Release|Any CPU.ActiveCfg = Release|Any CPU
		{12D42875-9ED7-4013-B01E-1597CBACB393}.Release|Any CPU.Build.0 = Release|Any CPU
	EndGlobalSection
	GlobalSection(SolutionProperties) = preSolution
		HideSolutionNode = FALSE
	EndGlobalSection
	GlobalSection(ExtensibilityGlobals) = postSolution
		SolutionGuid = {AE39CF36-1291-4E7E-9A07-88F8A2DDD60F}
	EndGlobalSection
EndGlobal
